
Microsoft Visual Studio Solution File, Format Version 12.00
Project("{FAE04EC0-301F-11D3-BF4B-00C04F79EFBC}") = "Store.Entities", "Store.Entities\Store.Entities.csproj", "{13D9C5C3-5F62-4B8B-89CF-8BE48D652212}"
EndProject
Project("{2150E333-8FDC-42A3-9474-1A3956D46DE8}") = "Core", "Core", "{51A46FD7-2C17-4534-9BB6-629FFEA9ACEC}"
EndProject
Project("{2150E333-8FDC-42A3-9474-1A3956D46DE8}") = "Infrastructure", "Infrastructure", "{5C99E097-BF2F-48F4-9738-524E6E79B8C0}"
EndProject
Project("{FAE04EC0-301F-11D3-BF4B-00C04F79EFBC}") = "Store.Persistence.EF", "Store.Persistence.EF\Store.Persistence.EF.csproj", "{B4D362EE-C967-4D63-A793-7B7084037F94}"
EndProject
Project("{FAE04EC0-301F-11D3-BF4B-00C04F79EFBC}") = "Store.Migration", "Store.Migration\Store.Migration.csproj", "{4B16A875-B657-47BD-A52D-E68567B712C1}"
EndProject
Project("{FAE04EC0-301F-11D3-BF4B-00C04F79EFBC}") = "Store.Services", "Store.Services\Store.Services.csproj", "{8E65ACF1-5BFA-46D3-9884-F7AC1B73EE1B}"
EndProject
Project("{FAE04EC0-301F-11D3-BF4B-00C04F79EFBC}") = "Store.Applications", "Store.Applications\Store.Applications.csproj", "{9B4FFEAC-F900-415D-9E82-381915393A4A}"
EndProject
Project("{2150E333-8FDC-42A3-9474-1A3956D46DE8}") = "Presentation", "Presentation", "{56DA90BD-7B24-4D00-AC3D-0E65A621BB81}"
EndProject
Project("{FAE04EC0-301F-11D3-BF4B-00C04F79EFBC}") = "Store.RestApi", "Store.RestApi\Store.RestApi.csproj", "{75BF0C48-41A0-45EF-8B20-BB7A16DC5CEB}"
EndProject
Global
	GlobalSection(SolutionConfigurationPlatforms) = preSolution
		Debug|Any CPU = Debug|Any CPU
		Release|Any CPU = Release|Any CPU
	EndGlobalSection
	GlobalSection(ProjectConfigurationPlatforms) = postSolution
		{13D9C5C3-5F62-4B8B-89CF-8BE48D652212}.Debug|Any CPU.ActiveCfg = Debug|Any CPU
		{13D9C5C3-5F62-4B8B-89CF-8BE48D652212}.Debug|Any CPU.Build.0 = Debug|Any CPU
		{13D9C5C3-5F62-4B8B-89CF-8BE48D652212}.Release|Any CPU.ActiveCfg = Release|Any CPU
		{13D9C5C3-5F62-4B8B-89CF-8BE48D652212}.Release|Any CPU.Build.0 = Release|Any CPU
		{B4D362EE-C967-4D63-A793-7B7084037F94}.Debug|Any CPU.ActiveCfg = Debug|Any CPU
		{B4D362EE-C967-4D63-A793-7B7084037F94}.Debug|Any CPU.Build.0 = Debug|Any CPU
		{B4D362EE-C967-4D63-A793-7B7084037F94}.Release|Any CPU.ActiveCfg = Release|Any CPU
		{B4D362EE-C967-4D63-A793-7B7084037F94}.Release|Any CPU.Build.0 = Release|Any CPU
		{4B16A875-B657-47BD-A52D-E68567B712C1}.Debug|Any CPU.ActiveCfg = Debug|Any CPU
		{4B16A875-B657-47BD-A52D-E68567B712C1}.Debug|Any CPU.Build.0 = Debug|Any CPU
		{4B16A875-B657-47BD-A52D-E68567B712C1}.Release|Any CPU.ActiveCfg = Release|Any CPU
		{4B16A875-B657-47BD-A52D-E68567B712C1}.Release|Any CPU.Build.0 = Release|Any CPU
		{8E65ACF1-5BFA-46D3-9884-F7AC1B73EE1B}.Debug|Any CPU.ActiveCfg = Debug|Any CPU
		{8E65ACF1-5BFA-46D3-9884-F7AC1B73EE1B}.Debug|Any CPU.Build.0 = Debug|Any CPU
		{8E65ACF1-5BFA-46D3-9884-F7AC1B73EE1B}.Release|Any CPU.ActiveCfg = Release|Any CPU
		{8E65ACF1-5BFA-46D3-9884-F7AC1B73EE1B}.Release|Any CPU.Build.0 = Release|Any CPU
		{9B4FFEAC-F900-415D-9E82-381915393A4A}.Debug|Any CPU.ActiveCfg = Debug|Any CPU
		{9B4FFEAC-F900-415D-9E82-381915393A4A}.Debug|Any CPU.Build.0 = Debug|Any CPU
		{9B4FFEAC-F900-415D-9E82-381915393A4A}.Release|Any CPU.ActiveCfg = Release|Any CPU
		{9B4FFEAC-F900-415D-9E82-381915393A4A}.Release|Any CPU.Build.0 = Release|Any CPU
		{75BF0C48-41A0-45EF-8B20-BB7A16DC5CEB}.Debug|Any CPU.ActiveCfg = Debug|Any CPU
		{75BF0C48-41A0-45EF-8B20-BB7A16DC5CEB}.Debug|Any CPU.Build.0 = Debug|Any CPU
		{75BF0C48-41A0-45EF-8B20-BB7A16DC5CEB}.Release|Any CPU.ActiveCfg = Release|Any CPU
		{75BF0C48-41A0-45EF-8B20-BB7A16DC5CEB}.Release|Any CPU.Build.0 = Release|Any CPU
	EndGlobalSection
	GlobalSection(NestedProjects) = preSolution
		{13D9C5C3-5F62-4B8B-89CF-8BE48D652212} = {51A46FD7-2C17-4534-9BB6-629FFEA9ACEC}
		{B4D362EE-C967-4D63-A793-7B7084037F94} = {5C99E097-BF2F-48F4-9738-524E6E79B8C0}
		{4B16A875-B657-47BD-A52D-E68567B712C1} = {5C99E097-BF2F-48F4-9738-524E6E79B8C0}
		{8E65ACF1-5BFA-46D3-9884-F7AC1B73EE1B} = {51A46FD7-2C17-4534-9BB6-629FFEA9ACEC}
		{9B4FFEAC-F900-415D-9E82-381915393A4A} = {51A46FD7-2C17-4534-9BB6-629FFEA9ACEC}
		{75BF0C48-41A0-45EF-8B20-BB7A16DC5CEB} = {56DA90BD-7B24-4D00-AC3D-0E65A621BB81}
	EndGlobalSection
EndGlobal
